// !$*UTF8*$!
{
	archiveVersion = 1;
	classes = {
	};
	objectVersion = 50;
	objects = {

/* Begin PBXBuildFile section */
		E06F304C267DBAC100D7BA1F /* GuideBookApp.swift in Sources */ = {isa = PBXBuildFile; fileRef = E06F304B267DBAC100D7BA1F /* GuideBookApp.swift */; };
		E06F304E267DBAC100D7BA1F /* MainView.swift in Sources */ = {isa = PBXBuildFile; fileRef = E06F304D267DBAC100D7BA1F /* MainView.swift */; };
		E06F3050267DBACA00D7BA1F /* Assets.xcassets in Resources */ = {isa = PBXBuildFile; fileRef = E06F304F267DBAC900D7BA1F /* Assets.xcassets */; };
		E06F3053267DBACA00D7BA1F /* Preview Assets.xcassets in Resources */ = {isa = PBXBuildFile; fileRef = E06F3052267DBACA00D7BA1F /* Preview Assets.xcassets */; };
		E06F305D267DBDBC00D7BA1F /* dataJson.json in Resources */ = {isa = PBXBuildFile; fileRef = E06F305C267DBDBC00D7BA1F /* dataJson.json */; };
		E06F3060267DBE1100D7BA1F /* pearlsData.json in Resources */ = {isa = PBXBuildFile; fileRef = E06F305F267DBE1100D7BA1F /* pearlsData.json */; };
		E06F3063267DBE5700D7BA1F /* pearlsData1.json in Resources */ = {isa = PBXBuildFile; fileRef = E06F3062267DBE5700D7BA1F /* pearlsData1.json */; };
		E06F3067267DBF1000D7BA1F /* ViewModel.swift in Sources */ = {isa = PBXBuildFile; fileRef = E06F3066267DBF1000D7BA1F /* ViewModel.swift */; };
		E06F306C267DBF8B00D7BA1F /* Pearl.swift in Sources */ = {isa = PBXBuildFile; fileRef = E06F306B267DBF8B00D7BA1F /* Pearl.swift */; };
		E06F306F267DBFA600D7BA1F /* Location.swift in Sources */ = {isa = PBXBuildFile; fileRef = E06F306E267DBFA600D7BA1F /* Location.swift */; };
		E06F3072267DC00800D7BA1F /* City.swift in Sources */ = {isa = PBXBuildFile; fileRef = E06F3071267DC00800D7BA1F /* City.swift */; };
		E06F3075267DC11200D7BA1F /* CityView.swift in Sources */ = {isa = PBXBuildFile; fileRef = E06F3074267DC11200D7BA1F /* CityView.swift */; };
		E06F307D267DC71D00D7BA1F /* BackgroundView.swift in Sources */ = {isa = PBXBuildFile; fileRef = E06F307C267DC71D00D7BA1F /* BackgroundView.swift */; };
		E06F3081267DC9D700D7BA1F /* MapView.swift in Sources */ = {isa = PBXBuildFile; fileRef = E06F3080267DC9D700D7BA1F /* MapView.swift */; };
		E06F308C267DCFFD00D7BA1F /* PearlView.swift in Sources */ = {isa = PBXBuildFile; fileRef = E06F308B267DCFFD00D7BA1F /* PearlView.swift */; };
		E06F308F267DD0DF00D7BA1F /* PearlDescription.swift in Sources */ = {isa = PBXBuildFile; fileRef = E06F308E267DD0DF00D7BA1F /* PearlDescription.swift */; };
		E073EBDF267DE213005EF318 /* IKListView.swift in Sources */ = {isa = PBXBuildFile; fileRef = E073EBDE267DE213005EF318 /* IKListView.swift */; };
		E073EBE2267DE2CE005EF318 /* BPlacesView.swift in Sources */ = {isa = PBXBuildFile; fileRef = E073EBE1267DE2CE005EF318 /* BPlacesView.swift */; };
		E073EBE5267DE3AA005EF318 /* CitiesListView.swift in Sources */ = {isa = PBXBuildFile; fileRef = E073EBE4267DE3AA005EF318 /* CitiesListView.swift */; };
		E073EBE8267DE460005EF318 /* CityDescription.swift in Sources */ = {isa = PBXBuildFile; fileRef = E073EBE7267DE460005EF318 /* CityDescription.swift */; };
		E073EBED267DF97F005EF318 /* TabBar.swift in Sources */ = {isa = PBXBuildFile; fileRef = E073EBEC267DF97F005EF318 /* TabBar.swift */; };
		E073EBF3267E067B005EF318 /* MenuView.swift in Sources */ = {isa = PBXBuildFile; fileRef = E073EBF2267E067A005EF318 /* MenuView.swift */; };
		E073EBF6267E0705005EF318 /* NeedGuide.swift in Sources */ = {isa = PBXBuildFile; fileRef = E073EBF5267E0705005EF318 /* NeedGuide.swift */; };
		E073EBF9267E0771005EF318 /* AboutVisa.swift in Sources */ = {isa = PBXBuildFile; fileRef = E073EBF8267E0771005EF318 /* AboutVisa.swift */; };
		E073EBFC268074CF005EF318 /* LaunchScreen.storyboard in Resources */ = {isa = PBXBuildFile; fileRef = E073EBFB268074CF005EF318 /* LaunchScreen.storyboard */; };
		E073EBFF2680771A005EF318 /* LaunchScreenAnimation.swift in Sources */ = {isa = PBXBuildFile; fileRef = E073EBFE26807719005EF318 /* LaunchScreenAnimation.swift */; };
		E091D2852693071400466C13 /* BishkekTime.swift in Sources */ = {isa = PBXBuildFile; fileRef = E091D2842693071400466C13 /* BishkekTime.swift */; };
		E091D28B269319F000466C13 /* ButtonView.swift in Sources */ = {isa = PBXBuildFile; fileRef = E091D28A269319F000466C13 /* ButtonView.swift */; };
		E091D28E269325D900466C13 /* BlurView.swift in Sources */ = {isa = PBXBuildFile; fileRef = E091D28D269325D800466C13 /* BlurView.swift */; };
		E091D2962693343700466C13 /* MenuButtonLabel.swift in Sources */ = {isa = PBXBuildFile; fileRef = E091D2952693343600466C13 /* MenuButtonLabel.swift */; };
		E091D299269336EA00466C13 /* NameText.swift in Sources */ = {isa = PBXBuildFile; fileRef = E091D298269336EA00466C13 /* NameText.swift */; };
		E0B5A523268891CD00E516B6 /* WeatherModel.swift in Sources */ = {isa = PBXBuildFile; fileRef = E0B5A522268891CD00E516B6 /* WeatherModel.swift */; };
		E0B5A5262688920B00E516B6 /* WeatherViewModel.swift in Sources */ = {isa = PBXBuildFile; fileRef = E0B5A5252688920B00E516B6 /* WeatherViewModel.swift */; };
		E0B5A5292688928E00E516B6 /* WeatherView.swift in Sources */ = {isa = PBXBuildFile; fileRef = E0B5A5282688928E00E516B6 /* WeatherView.swift */; };
/* End PBXBuildFile section */

/* Begin PBXFileReference section */
		E06F3048267DBAC100D7BA1F /* GuideBook.app */ = {isa = PBXFileReference; explicitFileType = wrapper.application; includeInIndex = 0; path = GuideBook.app; sourceTree = BUILT_PRODUCTS_DIR; };
		E06F304B267DBAC100D7BA1F /* GuideBookApp.swift */ = {isa = PBXFileReference; lastKnownFileType = sourcecode.swift; path = GuideBookApp.swift; sourceTree = "<group>"; };
		E06F304D267DBAC100D7BA1F /* MainView.swift */ = {isa = PBXFileReference; lastKnownFileType = sourcecode.swift; path = MainView.swift; sourceTree = "<group>"; };
		E06F304F267DBAC900D7BA1F /* Assets.xcassets */ = {isa = PBXFileReference; lastKnownFileType = folder.assetcatalog; path = Assets.xcassets; sourceTree = "<group>"; };
		E06F3052267DBACA00D7BA1F /* Preview Assets.xcassets */ = {isa = PBXFileReference; lastKnownFileType = folder.assetcatalog; path = "Preview Assets.xcassets"; sourceTree = "<group>"; };
		E06F3054267DBACA00D7BA1F /* Info.plist */ = {isa = PBXFileReference; lastKnownFileType = text.plist.xml; path = Info.plist; sourceTree = "<group>"; };
		E06F305C267DBDBC00D7BA1F /* dataJson.json */ = {isa = PBXFileReference; lastKnownFileType = text.json; path = dataJson.json; sourceTree = "<group>"; };
		E06F305F267DBE1100D7BA1F /* pearlsData.json */ = {isa = PBXFileReference; lastKnownFileType = text.json; path = pearlsData.json; sourceTree = "<group>"; };
		E06F3062267DBE5700D7BA1F /* pearlsData1.json */ = {isa = PBXFileReference; lastKnownFileType = text.json; path = pearlsData1.json; sourceTree = "<group>"; };
		E06F3066267DBF1000D7BA1F /* ViewModel.swift */ = {isa = PBXFileReference; lastKnownFileType = sourcecode.swift; path = ViewModel.swift; sourceTree = "<group>"; };
		E06F306B267DBF8B00D7BA1F /* Pearl.swift */ = {isa = PBXFileReference; lastKnownFileType = sourcecode.swift; path = Pearl.swift; sourceTree = "<group>"; };
		E06F306E267DBFA600D7BA1F /* Location.swift */ = {isa = PBXFileReference; lastKnownFileType = sourcecode.swift; path = Location.swift; sourceTree = "<group>"; };
		E06F3071267DC00800D7BA1F /* City.swift */ = {isa = PBXFileReference; lastKnownFileType = sourcecode.swift; path = City.swift; sourceTree = "<group>"; };
		E06F3074267DC11200D7BA1F /* CityView.swift */ = {isa = PBXFileReference; lastKnownFileType = sourcecode.swift; path = CityView.swift; sourceTree = "<group>"; };
		E06F307C267DC71D00D7BA1F /* BackgroundView.swift */ = {isa = PBXFileReference; lastKnownFileType = sourcecode.swift; path = BackgroundView.swift; sourceTree = "<group>"; };
		E06F3080267DC9D700D7BA1F /* MapView.swift */ = {isa = PBXFileReference; lastKnownFileType = sourcecode.swift; path = MapView.swift; sourceTree = "<group>"; };
		E06F308B267DCFFD00D7BA1F /* PearlView.swift */ = {isa = PBXFileReference; lastKnownFileType = sourcecode.swift; path = PearlView.swift; sourceTree = "<group>"; };
		E06F308E267DD0DF00D7BA1F /* PearlDescription.swift */ = {isa = PBXFileReference; lastKnownFileType = sourcecode.swift; path = PearlDescription.swift; sourceTree = "<group>"; };
		E073EBDE267DE213005EF318 /* IKListView.swift */ = {isa = PBXFileReference; lastKnownFileType = sourcecode.swift; path = IKListView.swift; sourceTree = "<group>"; };
		E073EBE1267DE2CE005EF318 /* BPlacesView.swift */ = {isa = PBXFileReference; lastKnownFileType = sourcecode.swift; path = BPlacesView.swift; sourceTree = "<group>"; };
		E073EBE4267DE3AA005EF318 /* CitiesListView.swift */ = {isa = PBXFileReference; lastKnownFileType = sourcecode.swift; path = CitiesListView.swift; sourceTree = "<group>"; };
		E073EBE7267DE460005EF318 /* CityDescription.swift */ = {isa = PBXFileReference; lastKnownFileType = sourcecode.swift; path = CityDescription.swift; sourceTree = "<group>"; };
		E073EBEC267DF97F005EF318 /* TabBar.swift */ = {isa = PBXFileReference; lastKnownFileType = sourcecode.swift; path = TabBar.swift; sourceTree = "<group>"; };
		E073EBF2267E067A005EF318 /* MenuView.swift */ = {isa = PBXFileReference; lastKnownFileType = sourcecode.swift; path = MenuView.swift; sourceTree = "<group>"; };
		E073EBF5267E0705005EF318 /* NeedGuide.swift */ = {isa = PBXFileReference; lastKnownFileType = sourcecode.swift; path = NeedGuide.swift; sourceTree = "<group>"; };
		E073EBF8267E0771005EF318 /* AboutVisa.swift */ = {isa = PBXFileReference; lastKnownFileType = sourcecode.swift; path = AboutVisa.swift; sourceTree = "<group>"; };
		E073EBFB268074CF005EF318 /* LaunchScreen.storyboard */ = {isa = PBXFileReference; lastKnownFileType = file.storyboard; path = LaunchScreen.storyboard; sourceTree = "<group>"; };
		E073EBFE26807719005EF318 /* LaunchScreenAnimation.swift */ = {isa = PBXFileReference; lastKnownFileType = sourcecode.swift; path = LaunchScreenAnimation.swift; sourceTree = "<group>"; };
		E091D2842693071400466C13 /* BishkekTime.swift */ = {isa = PBXFileReference; lastKnownFileType = sourcecode.swift; path = BishkekTime.swift; sourceTree = "<group>"; };
		E091D28A269319F000466C13 /* ButtonView.swift */ = {isa = PBXFileReference; lastKnownFileType = sourcecode.swift; path = ButtonView.swift; sourceTree = "<group>"; };
		E091D28D269325D800466C13 /* BlurView.swift */ = {isa = PBXFileReference; lastKnownFileType = sourcecode.swift; path = BlurView.swift; sourceTree = "<group>"; };
		E091D2952693343600466C13 /* MenuButtonLabel.swift */ = {isa = PBXFileReference; lastKnownFileType = sourcecode.swift; path = MenuButtonLabel.swift; sourceTree = "<group>"; };
		E091D298269336EA00466C13 /* NameText.swift */ = {isa = PBXFileReference; lastKnownFileType = sourcecode.swift; path = NameText.swift; sourceTree = "<group>"; };
		E0B5A522268891CD00E516B6 /* WeatherModel.swift */ = {isa = PBXFileReference; lastKnownFileType = sourcecode.swift; path = WeatherModel.swift; sourceTree = "<group>"; };
		E0B5A5252688920B00E516B6 /* WeatherViewModel.swift */ = {isa = PBXFileReference; lastKnownFileType = sourcecode.swift; path = WeatherViewModel.swift; sourceTree = "<group>"; };
		E0B5A5282688928E00E516B6 /* WeatherView.swift */ = {isa = PBXFileReference; lastKnownFileType = sourcecode.swift; path = WeatherView.swift; sourceTree = "<group>"; };
/* End PBXFileReference section */

/* Begin PBXFrameworksBuildPhase section */
		E06F3045267DBAC100D7BA1F /* Frameworks */ = {
			isa = PBXFrameworksBuildPhase;
			buildActionMask = 2147483647;
			files = (
			);
			runOnlyForDeploymentPostprocessing = 0;
		};
/* End PBXFrameworksBuildPhase section */

/* Begin PBXGroup section */
		E06F303F267DBAC100D7BA1F = {
			isa = PBXGroup;
			children = (
				E06F304A267DBAC100D7BA1F /* GuideBook */,
				E06F3049267DBAC100D7BA1F /* Products */,
			);
			sourceTree = "<group>";
		};
		E06F3049267DBAC100D7BA1F /* Products */ = {
			isa = PBXGroup;
			children = (
				E06F3048267DBAC100D7BA1F /* GuideBook.app */,
			);
			name = Products;
			sourceTree = "<group>";
		};
		E06F304A267DBAC100D7BA1F /* GuideBook */ = {
			isa = PBXGroup;
			children = (
				E06F304B267DBAC100D7BA1F /* GuideBookApp.swift */,
				E06F304D267DBAC100D7BA1F /* MainView.swift */,
				E06F306A267DBF4B00D7BA1F /* Views */,
				E06F3069267DBF3700D7BA1F /* Models */,
				E06F3065267DBEFE00D7BA1F /* ViewModels */,
				E06F3078267DC24000D7BA1F /* LaunchScreens */,
				E06F305B267DBD7800D7BA1F /* Data */,
				E0B5A5122688826F00E516B6 /* Weather */,
				E06F304F267DBAC900D7BA1F /* Assets.xcassets */,
				E06F3054267DBACA00D7BA1F /* Info.plist */,
				E06F3051267DBACA00D7BA1F /* Preview Content */,
			);
			path = GuideBook;
			sourceTree = "<group>";
		};
		E06F3051267DBACA00D7BA1F /* Preview Content */ = {
			isa = PBXGroup;
			children = (
				E06F3052267DBACA00D7BA1F /* Preview Assets.xcassets */,
			);
			path = "Preview Content";
			sourceTree = "<group>";
		};
		E06F305B267DBD7800D7BA1F /* Data */ = {
			isa = PBXGroup;
			children = (
				E06F305C267DBDBC00D7BA1F /* dataJson.json */,
				E06F305F267DBE1100D7BA1F /* pearlsData.json */,
				E06F3062267DBE5700D7BA1F /* pearlsData1.json */,
			);
			path = Data;
			sourceTree = "<group>";
		};
		E06F3065267DBEFE00D7BA1F /* ViewModels */ = {
			isa = PBXGroup;
			children = (
				E06F3066267DBF1000D7BA1F /* ViewModel.swift */,
			);
			path = ViewModels;
			sourceTree = "<group>";
		};
		E06F3069267DBF3700D7BA1F /* Models */ = {
			isa = PBXGroup;
			children = (
				E06F3071267DC00800D7BA1F /* City.swift */,
				E06F306B267DBF8B00D7BA1F /* Pearl.swift */,
				E06F306E267DBFA600D7BA1F /* Location.swift */,
			);
			path = Models;
			sourceTree = "<group>";
		};
		E06F306A267DBF4B00D7BA1F /* Views */ = {
			isa = PBXGroup;
			children = (
				E073EBF0267E0561005EF318 /* Menu */,
				E073EBEB267DF965005EF318 /* TabView */,
				E06F3089267DCD8A00D7BA1F /* ListViews */,
				E06F3084267DCBF200D7BA1F /* SingleViews */,
				E06F307F267DC97200D7BA1F /* Maps */,
				E06F307B267DC6DC00D7BA1F /* Components */,
			);
			path = Views;
			sourceTree = "<group>";
		};
		E06F3078267DC24000D7BA1F /* LaunchScreens */ = {
			isa = PBXGroup;
			children = (
				E073EBFB268074CF005EF318 /* LaunchScreen.storyboard */,
				E073EBFE26807719005EF318 /* LaunchScreenAnimation.swift */,
			);
			path = LaunchScreens;
			sourceTree = "<group>";
		};
		E06F307B267DC6DC00D7BA1F /* Components */ = {
			isa = PBXGroup;
			children = (
				E06F307C267DC71D00D7BA1F /* BackgroundView.swift */,
				E091D2842693071400466C13 /* BishkekTime.swift */,
				E091D28A269319F000466C13 /* ButtonView.swift */,
				E091D28D269325D800466C13 /* BlurView.swift */,
				E091D2952693343600466C13 /* MenuButtonLabel.swift */,
				E091D298269336EA00466C13 /* NameText.swift */,
			);
			path = Components;
			sourceTree = "<group>";
		};
		E06F307F267DC97200D7BA1F /* Maps */ = {
			isa = PBXGroup;
			children = (
				E06F3080267DC9D700D7BA1F /* MapView.swift */,
			);
			path = Maps;
			sourceTree = "<group>";
		};
		E06F3084267DCBF200D7BA1F /* SingleViews */ = {
			isa = PBXGroup;
			children = (
				E06F3074267DC11200D7BA1F /* CityView.swift */,
				E06F308B267DCFFD00D7BA1F /* PearlView.swift */,
				E073EBE7267DE460005EF318 /* CityDescription.swift */,
				E06F308E267DD0DF00D7BA1F /* PearlDescription.swift */,
			);
			path = SingleViews;
			sourceTree = "<group>";
		};
		E06F3089267DCD8A00D7BA1F /* ListViews */ = {
			isa = PBXGroup;
			children = (
				E073EBDE267DE213005EF318 /* IKListView.swift */,
				E073EBE4267DE3AA005EF318 /* CitiesListView.swift */,
				E073EBE1267DE2CE005EF318 /* BPlacesView.swift */,
			);
			path = ListViews;
			sourceTree = "<group>";
		};
		E073EBEB267DF965005EF318 /* TabView */ = {
			isa = PBXGroup;
			children = (
				E073EBEC267DF97F005EF318 /* TabBar.swift */,
			);
			path = TabView;
			sourceTree = "<group>";
		};
		E073EBF0267E0561005EF318 /* Menu */ = {
			isa = PBXGroup;
			children = (
				E073EBF2267E067A005EF318 /* MenuView.swift */,
				E073EBF5267E0705005EF318 /* NeedGuide.swift */,
				E073EBF8267E0771005EF318 /* AboutVisa.swift */,
			);
			path = Menu;
			sourceTree = "<group>";
		};
		E0B5A5122688826F00E516B6 /* Weather */ = {
			isa = PBXGroup;
			children = (
				E0B5A522268891CD00E516B6 /* WeatherModel.swift */,
				E0B5A5252688920B00E516B6 /* WeatherViewModel.swift */,
				E0B5A5282688928E00E516B6 /* WeatherView.swift */,
			);
			path = Weather;
			sourceTree = "<group>";
		};
/* End PBXGroup section */

/* Begin PBXNativeTarget section */
		E06F3047267DBAC100D7BA1F /* GuideBook */ = {
			isa = PBXNativeTarget;
			buildConfigurationList = E06F3057267DBACA00D7BA1F /* Build configuration list for PBXNativeTarget "GuideBook" */;
			buildPhases = (
				E06F3044267DBAC100D7BA1F /* Sources */,
				E06F3045267DBAC100D7BA1F /* Frameworks */,
				E06F3046267DBAC100D7BA1F /* Resources */,
			);
			buildRules = (
			);
			dependencies = (
			);
			name = GuideBook;
			productName = GuideBook;
			productReference = E06F3048267DBAC100D7BA1F /* GuideBook.app */;
			productType = "com.apple.product-type.application";
		};
/* End PBXNativeTarget section */

/* Begin PBXProject section */
		E06F3040267DBAC100D7BA1F /* Project object */ = {
			isa = PBXProject;
			attributes = {
				LastSwiftUpdateCheck = 1230;
				LastUpgradeCheck = 1230;
				TargetAttributes = {
					E06F3047267DBAC100D7BA1F = {
						CreatedOnToolsVersion = 12.3;
					};
				};
			};
			buildConfigurationList = E06F3043267DBAC100D7BA1F /* Build configuration list for PBXProject "GuideBook" */;
			compatibilityVersion = "Xcode 9.3";
			developmentRegion = en;
			hasScannedForEncodings = 0;
			knownRegions = (
				en,
				Base,
			);
			mainGroup = E06F303F267DBAC100D7BA1F;
			productRefGroup = E06F3049267DBAC100D7BA1F /* Products */;
			projectDirPath = "";
			projectRoot = "";
			targets = (
				E06F3047267DBAC100D7BA1F /* GuideBook */,
			);
		};
/* End PBXProject section */

/* Begin PBXResourcesBuildPhase section */
		E06F3046267DBAC100D7BA1F /* Resources */ = {
			isa = PBXResourcesBuildPhase;
			buildActionMask = 2147483647;
			files = (
				E06F3053267DBACA00D7BA1F /* Preview Assets.xcassets in Resources */,
				E06F3050267DBACA00D7BA1F /* Assets.xcassets in Resources */,
				E06F305D267DBDBC00D7BA1F /* dataJson.json in Resources */,
				E073EBFC268074CF005EF318 /* LaunchScreen.storyboard in Resources */,
				E06F3063267DBE5700D7BA1F /* pearlsData1.json in Resources */,
				E06F3060267DBE1100D7BA1F /* pearlsData.json in Resources */,
			);
			runOnlyForDeploymentPostprocessing = 0;
		};
/* End PBXResourcesBuildPhase section */

/* Begin PBXSourcesBuildPhase section */
		E06F3044267DBAC100D7BA1F /* Sources */ = {
			isa = PBXSourcesBuildPhase;
			buildActionMask = 2147483647;
			files = (
				E06F304E267DBAC100D7BA1F /* MainView.swift in Sources */,
				E073EBE5267DE3AA005EF318 /* CitiesListView.swift in Sources */,
				E091D28B269319F000466C13 /* ButtonView.swift in Sources */,
				E073EBF6267E0705005EF318 /* NeedGuide.swift in Sources */,
				E091D2852693071400466C13 /* BishkekTime.swift in Sources */,
				E0B5A5262688920B00E516B6 /* WeatherViewModel.swift in Sources */,
				E073EBF9267E0771005EF318 /* AboutVisa.swift in Sources */,
				E06F308F267DD0DF00D7BA1F /* PearlDescription.swift in Sources */,
				E091D2962693343700466C13 /* MenuButtonLabel.swift in Sources */,
				E073EBED267DF97F005EF318 /* TabBar.swift in Sources */,
				E091D28E269325D900466C13 /* BlurView.swift in Sources */,
				E073EBDF267DE213005EF318 /* IKListView.swift in Sources */,
				E06F3067267DBF1000D7BA1F /* ViewModel.swift in Sources */,
				E073EBE2267DE2CE005EF318 /* BPlacesView.swift in Sources */,
				E073EBFF2680771A005EF318 /* LaunchScreenAnimation.swift in Sources */,
				E091D299269336EA00466C13 /* NameText.swift in Sources */,
				E0B5A523268891CD00E516B6 /* WeatherModel.swift in Sources */,
				E0B5A5292688928E00E516B6 /* WeatherView.swift in Sources */,
				E073EBF3267E067B005EF318 /* MenuView.swift in Sources */,
				E06F307D267DC71D00D7BA1F /* BackgroundView.swift in Sources */,
				E06F3072267DC00800D7BA1F /* City.swift in Sources */,
				E06F306F267DBFA600D7BA1F /* Location.swift in Sources */,
				E06F306C267DBF8B00D7BA1F /* Pearl.swift in Sources */,
				E06F3075267DC11200D7BA1F /* CityView.swift in Sources */,
				E06F3081267DC9D700D7BA1F /* MapView.swift in Sources */,
				E06F304C267DBAC100D7BA1F /* GuideBookApp.swift in Sources */,
				E073EBE8267DE460005EF318 /* CityDescription.swift in Sources */,
				E06F308C267DCFFD00D7BA1F /* PearlView.swift in Sources */,
			);
			runOnlyForDeploymentPostprocessing = 0;
		};
/* End PBXSourcesBuildPhase section */

/* Begin XCBuildConfiguration section */
		E06F3055267DBACA00D7BA1F /* Debug */ = {
			isa = XCBuildConfiguration;
			buildSettings = {
				ALWAYS_SEARCH_USER_PATHS = NO;
				CLANG_ANALYZER_NONNULL = YES;
				CLANG_ANALYZER_NUMBER_OBJECT_CONVERSION = YES_AGGRESSIVE;
				CLANG_CXX_LANGUAGE_STANDARD = "gnu++14";
				CLANG_CXX_LIBRARY = "libc++";
				CLANG_ENABLE_MODULES = YES;
				CLANG_ENABLE_OBJC_ARC = YES;
				CLANG_ENABLE_OBJC_WEAK = YES;
				CLANG_WARN_BLOCK_CAPTURE_AUTORELEASING = YES;
				CLANG_WARN_BOOL_CONVERSION = YES;
				CLANG_WARN_COMMA = YES;
				CLANG_WARN_CONSTANT_CONVERSION = YES;
				CLANG_WARN_DEPRECATED_OBJC_IMPLEMENTATIONS = YES;
				CLANG_WARN_DIRECT_OBJC_ISA_USAGE = YES_ERROR;
				CLANG_WARN_DOCUMENTATION_COMMENTS = YES;
				CLANG_WARN_EMPTY_BODY = YES;
				CLANG_WARN_ENUM_CONVERSION = YES;
				CLANG_WARN_INFINITE_RECURSION = YES;
				CLANG_WARN_INT_CONVERSION = YES;
				CLANG_WARN_NON_LITERAL_NULL_CONVERSION = YES;
				CLANG_WARN_OBJC_IMPLICIT_RETAIN_SELF = YES;
				CLANG_WARN_OBJC_LITERAL_CONVERSION = YES;
				CLANG_WARN_OBJC_ROOT_CLASS = YES_ERROR;
				CLANG_WARN_QUOTED_INCLUDE_IN_FRAMEWORK_HEADER = YES;
				CLANG_WARN_RANGE_LOOP_ANALYSIS = YES;
				CLANG_WARN_STRICT_PROTOTYPES = YES;
				CLANG_WARN_SUSPICIOUS_MOVE = YES;
				CLANG_WARN_UNGUARDED_AVAILABILITY = YES_AGGRESSIVE;
				CLANG_WARN_UNREACHABLE_CODE = YES;
				CLANG_WARN__DUPLICATE_METHOD_MATCH = YES;
				COPY_PHASE_STRIP = NO;
				DEBUG_INFORMATION_FORMAT = dwarf;
				ENABLE_STRICT_OBJC_MSGSEND = YES;
				ENABLE_TESTABILITY = YES;
				GCC_C_LANGUAGE_STANDARD = gnu11;
				GCC_DYNAMIC_NO_PIC = NO;
				GCC_NO_COMMON_BLOCKS = YES;
				GCC_OPTIMIZATION_LEVEL = 0;
				GCC_PREPROCESSOR_DEFINITIONS = (
					"DEBUG=1",
					"$(inherited)",
				);
				GCC_WARN_64_TO_32_BIT_CONVERSION = YES;
				GCC_WARN_ABOUT_RETURN_TYPE = YES_ERROR;
				GCC_WARN_UNDECLARED_SELECTOR = YES;
				GCC_WARN_UNINITIALIZED_AUTOS = YES_AGGRESSIVE;
				GCC_WARN_UNUSED_FUNCTION = YES;
				GCC_WARN_UNUSED_VARIABLE = YES;
				IPHONEOS_DEPLOYMENT_TARGET = 14.3;
				MTL_ENABLE_DEBUG_INFO = INCLUDE_SOURCE;
				MTL_FAST_MATH = YES;
				ONLY_ACTIVE_ARCH = YES;
				SDKROOT = iphoneos;
				SWIFT_ACTIVE_COMPILATION_CONDITIONS = DEBUG;
				SWIFT_OPTIMIZATION_LEVEL = "-Onone";
			};
			name = Debug;
		};
		E06F3056267DBACA00D7BA1F /* Release */ = {
			isa = XCBuildConfiguration;
			buildSettings = {
				ALWAYS_SEARCH_USER_PATHS = NO;
				CLANG_ANALYZER_NONNULL = YES;
				CLANG_ANALYZER_NUMBER_OBJECT_CONVERSION = YES_AGGRESSIVE;
				CLANG_CXX_LANGUAGE_STANDARD = "gnu++14";
				CLANG_CXX_LIBRARY = "libc++";
				CLANG_ENABLE_MODULES = YES;
				CLANG_ENABLE_OBJC_ARC = YES;
				CLANG_ENABLE_OBJC_WEAK = YES;
				CLANG_WARN_BLOCK_CAPTURE_AUTORELEASING = YES;
				CLANG_WARN_BOOL_CONVERSION = YES;
				CLANG_WARN_COMMA = YES;
				CLANG_WARN_CONSTANT_CONVERSION = YES;
				CLANG_WARN_DEPRECATED_OBJC_IMPLEMENTATIONS = YES;
				CLANG_WARN_DIRECT_OBJC_ISA_USAGE = YES_ERROR;
				CLANG_WARN_DOCUMENTATION_COMMENTS = YES;
				CLANG_WARN_EMPTY_BODY = YES;
				CLANG_WARN_ENUM_CONVERSION = YES;
				CLANG_WARN_INFINITE_RECURSION = YES;
				CLANG_WARN_INT_CONVERSION = YES;
				CLANG_WARN_NON_LITERAL_NULL_CONVERSION = YES;
				CLANG_WARN_OBJC_IMPLICIT_RETAIN_SELF = YES;
				CLANG_WARN_OBJC_LITERAL_CONVERSION = YES;
				CLANG_WARN_OBJC_ROOT_CLASS = YES_ERROR;
				CLANG_WARN_QUOTED_INCLUDE_IN_FRAMEWORK_HEADER = YES;
				CLANG_WARN_RANGE_LOOP_ANALYSIS = YES;
				CLANG_WARN_STRICT_PROTOTYPES = YES;
				CLANG_WARN_SUSPICIOUS_MOVE = YES;
				CLANG_WARN_UNGUARDED_AVAILABILITY = YES_AGGRESSIVE;
				CLANG_WARN_UNREACHABLE_CODE = YES;
				CLANG_WARN__DUPLICATE_METHOD_MATCH = YES;
				COPY_PHASE_STRIP = NO;
				DEBUG_INFORMATION_FORMAT = "dwarf-with-dsym";
				ENABLE_NS_ASSERTIONS = NO;
				ENABLE_STRICT_OBJC_MSGSEND = YES;
				GCC_C_LANGUAGE_STANDARD = gnu11;
				GCC_NO_COMMON_BLOCKS = YES;
				GCC_WARN_64_TO_32_BIT_CONVERSION = YES;
				GCC_WARN_ABOUT_RETURN_TYPE = YES_ERROR;
				GCC_WARN_UNDECLARED_SELECTOR = YES;
				GCC_WARN_UNINITIALIZED_AUTOS = YES_AGGRESSIVE;
				GCC_WARN_UNUSED_FUNCTION = YES;
				GCC_WARN_UNUSED_VARIABLE = YES;
				IPHONEOS_DEPLOYMENT_TARGET = 14.3;
				MTL_ENABLE_DEBUG_INFO = NO;
				MTL_FAST_MATH = YES;
				SDKROOT = iphoneos;
				SWIFT_COMPILATION_MODE = wholemodule;
				SWIFT_OPTIMIZATION_LEVEL = "-O";
				VALIDATE_PRODUCT = YES;
			};
			name = Release;
		};
		E06F3058267DBACA00D7BA1F /* Debug */ = {
			isa = XCBuildConfiguration;
			buildSettings = {
				ASSETCATALOG_COMPILER_APPICON_NAME = AppIcon;
				ASSETCATALOG_COMPILER_GLOBAL_ACCENT_COLOR_NAME = AccentColor;
				CODE_SIGN_STYLE = Automatic;
				DEVELOPMENT_ASSET_PATHS = "\"GuideBook/Preview Content\"";
				DEVELOPMENT_TEAM = HY54SQK39V;
				ENABLE_PREVIEWS = YES;
				INFOPLIST_FILE = GuideBook/Info.plist;
				IPHONEOS_DEPLOYMENT_TARGET = 14.0;
				LD_RUNPATH_SEARCH_PATHS = (
					"$(inherited)",
					"@executable_path/Frameworks",
				);
				PRODUCT_BUNDLE_IDENTIFIER = anvarinho.GuideBook;
				PRODUCT_NAME = "$(TARGET_NAME)";
				SWIFT_VERSION = 5.0;
				TARGETED_DEVICE_FAMILY = "1,2";
			};
			name = Debug;
		};
		E06F3059267DBACA00D7BA1F /* Release */ = {
			isa = XCBuildConfiguration;
			buildSettings = {
				ASSETCATALOG_COMPILER_APPICON_NAME = AppIcon;
				ASSETCATALOG_COMPILER_GLOBAL_ACCENT_COLOR_NAME = AccentColor;
				CODE_SIGN_STYLE = Automatic;
				DEVELOPMENT_ASSET_PATHS = "\"GuideBook/Preview Content\"";
				DEVELOPMENT_TEAM = HY54SQK39V;
				ENABLE_PREVIEWS = YES;
				INFOPLIST_FILE = GuideBook/Info.plist;
				IPHONEOS_DEPLOYMENT_TARGET = 14.0;
				LD_RUNPATH_SEARCH_PATHS = (
					"$(inherited)",
					"@executable_path/Frameworks",
				);
				PRODUCT_BUNDLE_IDENTIFIER = anvarinho.GuideBook;
				PRODUCT_NAME = "$(TARGET_NAME)";
				SWIFT_VERSION = 5.0;
				TARGETED_DEVICE_FAMILY = "1,2";
			};
			name = Release;
		};
/* End XCBuildConfiguration section */

/* Begin XCConfigurationList section */
		E06F3043267DBAC100D7BA1F /* Build configuration list for PBXProject "GuideBook" */ = {
			isa = XCConfigurationList;
			buildConfigurations = (
				E06F3055267DBACA00D7BA1F /* Debug */,
				E06F3056267DBACA00D7BA1F /* Release */,
			);
			defaultConfigurationIsVisible = 0;
			defaultConfigurationName = Release;
		};
		E06F3057267DBACA00D7BA1F /* Build configuration list for PBXNativeTarget "GuideBook" */ = {
			isa = XCConfigurationList;
			buildConfigurations = (
				E06F3058267DBACA00D7BA1F /* Debug */,
				E06F3059267DBACA00D7BA1F /* Release */,
			);
			defaultConfigurationIsVisible = 0;
			defaultConfigurationName = Release;
		};
/* End XCConfigurationList section */
	};
	rootObject = E06F3040267DBAC100D7BA1F /* Project object */;
}
